
Microsoft Visual Studio Solution File, Format Version 12.00
# Visual Studio Version 17
VisualStudioVersion = 17.2.32519.379
MinimumVisualStudioVersion = 10.0.40219.1
Project("{9A19103F-16F7-4668-BE54-9A1E7A4F7556}") = "RIn_SHA256", "ConsoleApp7\RIn_SHA256.csproj", "{186BFB52-2581-4C01-81F0-1D37A3812F25}"
EndProject
Project("{2150E333-8FDC-42A3-9474-1A3956D46DE8}") = "ソリューション項目", "ソリューション項目", "{BBFD86CD-C70F-45E8-B206-485D76097039}"
EndProject
Project("{8BC9CEB8-8B4A-11D0-8D11-00A0C91BC942}") = "Rin_SHA256_CPP", "Rin_SHA256_CPP\Rin_SHA256_CPP.vcxproj", "{68CE52A6-D8EF-410F-BE3D-D1FE90FD644F}"
EndProject
Global
	GlobalSection(SolutionConfigurationPlatforms) = preSolution
		Debug|Any CPU = Debug|Any CPU
		Debug|x64 = Debug|x64
		Debug|x86 = Debug|x86
		Release|Any CPU = Release|Any CPU
		Release|x64 = Release|x64
		Release|x86 = Release|x86
	EndGlobalSection
	GlobalSection(ProjectConfigurationPlatforms) = postSolution
		{186BFB52-2581-4C01-81F0-1D37A3812F25}.Debug|Any CPU.ActiveCfg = Debug|Any CPU
		{186BFB52-2581-4C01-81F0-1D37A3812F25}.Debug|Any CPU.Build.0 = Debug|Any CPU
		{186BFB52-2581-4C01-81F0-1D37A3812F25}.Debug|x64.ActiveCfg = Debug|Any CPU
		{186BFB52-2581-4C01-81F0-1D37A3812F25}.Debug|x64.Build.0 = Debug|Any CPU
		{186BFB52-2581-4C01-81F0-1D37A3812F25}.Debug|x86.ActiveCfg = Debug|Any CPU
		{186BFB52-2581-4C01-81F0-1D37A3812F25}.Debug|x86.Build.0 = Debug|Any CPU
		{186BFB52-2581-4C01-81F0-1D37A3812F25}.Release|Any CPU.ActiveCfg = Release|Any CPU
		{186BFB52-2581-4C01-81F0-1D37A3812F25}.Release|Any CPU.Build.0 = Release|Any CPU
		{186BFB52-2581-4C01-81F0-1D37A3812F25}.Release|x64.ActiveCfg = Release|Any CPU
		{186BFB52-2581-4C01-81F0-1D37A3812F25}.Release|x64.Build.0 = Release|Any CPU
		{186BFB52-2581-4C01-81F0-1D37A3812F25}.Release|x86.ActiveCfg = Release|Any CPU
		{186BFB52-2581-4C01-81F0-1D37A3812F25}.Release|x86.Build.0 = Release|Any CPU
		{68CE52A6-D8EF-410F-BE3D-D1FE90FD644F}.Debug|Any CPU.ActiveCfg = Debug|x64
		{68CE52A6-D8EF-410F-BE3D-D1FE90FD644F}.Debug|Any CPU.Build.0 = Debug|x64
		{68CE52A6-D8EF-410F-BE3D-D1FE90FD644F}.Debug|x64.ActiveCfg = Debug|x64
		{68CE52A6-D8EF-410F-BE3D-D1FE90FD644F}.Debug|x64.Build.0 = Debug|x64
		{68CE52A6-D8EF-410F-BE3D-D1FE90FD644F}.Debug|x86.ActiveCfg = Debug|Win32
		{68CE52A6-D8EF-410F-BE3D-D1FE90FD644F}.Debug|x86.Build.0 = Debug|Win32
		{68CE52A6-D8EF-410F-BE3D-D1FE90FD644F}.Release|Any CPU.ActiveCfg = Release|x64
		{68CE52A6-D8EF-410F-BE3D-D1FE90FD644F}.Release|Any CPU.Build.0 = Release|x64
		{68CE52A6-D8EF-410F-BE3D-D1FE90FD644F}.Release|x64.ActiveCfg = Release|x64
		{68CE52A6-D8EF-410F-BE3D-D1FE90FD644F}.Release|x64.Build.0 = Release|x64
		{68CE52A6-D8EF-410F-BE3D-D1FE90FD644F}.Release|x86.ActiveCfg = Release|Win32
		{68CE52A6-D8EF-410F-BE3D-D1FE90FD644F}.Release|x86.Build.0 = Release|Win32
	EndGlobalSection
	GlobalSection(SolutionProperties) = preSolution
		HideSolutionNode = FALSE
	EndGlobalSection
	GlobalSection(ExtensibilityGlobals) = postSolution
		SolutionGuid = {0D431FB0-801B-4FE0-BA51-9CAB3A122972}
	EndGlobalSection
EndGlobal
